// !$*UTF8*$!
{
	archiveVersion = 1;
	classes = {
	};
	objectVersion = 56;
	objects = {

/* Begin PBXBuildFile section */
		016730432904EC27003F9304 /* UserNotificationsManager.swift in Sources */ = {isa = PBXBuildFile; fileRef = 016730422904EC27003F9304 /* UserNotificationsManager.swift */; };
		0175721229033E6E0060041D /* AppDelegate.swift in Sources */ = {isa = PBXBuildFile; fileRef = 0175721129033E6E0060041D /* AppDelegate.swift */; };
		0175721429033E6E0060041D /* SceneDelegate.swift in Sources */ = {isa = PBXBuildFile; fileRef = 0175721329033E6E0060041D /* SceneDelegate.swift */; };
		0175721929033E6E0060041D /* Main.storyboard in Resources */ = {isa = PBXBuildFile; fileRef = 0175721729033E6E0060041D /* Main.storyboard */; };
		0175721E29033E700060041D /* Assets.xcassets in Resources */ = {isa = PBXBuildFile; fileRef = 0175721D29033E700060041D /* Assets.xcassets */; };
		0175722129033E700060041D /* LaunchScreen.storyboard in Resources */ = {isa = PBXBuildFile; fileRef = 0175721F29033E700060041D /* LaunchScreen.storyboard */; };
		0175724A290460D10060041D /* MainViewController.swift in Sources */ = {isa = PBXBuildFile; fileRef = 01757248290460D10060041D /* MainViewController.swift */; };
		0175724D290461690060041D /* AsselderModuleBuilder.swift in Sources */ = {isa = PBXBuildFile; fileRef = 0175724C290461690060041D /* AsselderModuleBuilder.swift */; };
		01757254290490A70060041D /* MainViewController.xib in Resources */ = {isa = PBXBuildFile; fileRef = 01757253290490A70060041D /* MainViewController.xib */; };
		01757256290493030060041D /* MainViewPresenter.swift in Sources */ = {isa = PBXBuildFile; fileRef = 01757255290493030060041D /* MainViewPresenter.swift */; };
/* End PBXBuildFile section */

/* Begin PBXContainerItemProxy section */
		0175722829033E700060041D /* PBXContainerItemProxy */ = {
			isa = PBXContainerItemProxy;
			containerPortal = 0175720629033E6E0060041D /* Project object */;
			proxyType = 1;
			remoteGlobalIDString = 0175720D29033E6E0060041D;
			remoteInfo = RestReminder;
		};
		0175723229033E700060041D /* PBXContainerItemProxy */ = {
			isa = PBXContainerItemProxy;
			containerPortal = 0175720629033E6E0060041D /* Project object */;
			proxyType = 1;
			remoteGlobalIDString = 0175720D29033E6E0060041D;
			remoteInfo = RestReminder;
		};
/* End PBXContainerItemProxy section */

/* Begin PBXFileReference section */
		016730422904EC27003F9304 /* UserNotificationsManager.swift */ = {isa = PBXFileReference; lastKnownFileType = sourcecode.swift; path = UserNotificationsManager.swift; sourceTree = "<group>"; };
		0175720E29033E6E0060041D /* RestReminder.app */ = {isa = PBXFileReference; explicitFileType = wrapper.application; includeInIndex = 0; path = RestReminder.app; sourceTree = BUILT_PRODUCTS_DIR; };
		0175721129033E6E0060041D /* AppDelegate.swift */ = {isa = PBXFileReference; lastKnownFileType = sourcecode.swift; path = AppDelegate.swift; sourceTree = "<group>"; };
		0175721329033E6E0060041D /* SceneDelegate.swift */ = {isa = PBXFileReference; lastKnownFileType = sourcecode.swift; path = SceneDelegate.swift; sourceTree = "<group>"; };
		0175721829033E6E0060041D /* Base */ = {isa = PBXFileReference; lastKnownFileType = file.storyboard; name = Base; path = Base.lproj/Main.storyboard; sourceTree = "<group>"; };
		0175721D29033E700060041D /* Assets.xcassets */ = {isa = PBXFileReference; lastKnownFileType = folder.assetcatalog; path = Assets.xcassets; sourceTree = "<group>"; };
		0175722029033E700060041D /* Base */ = {isa = PBXFileReference; lastKnownFileType = file.storyboard; name = Base; path = Base.lproj/LaunchScreen.storyboard; sourceTree = "<group>"; };
		0175722229033E700060041D /* Info.plist */ = {isa = PBXFileReference; lastKnownFileType = text.plist.xml; path = Info.plist; sourceTree = "<group>"; };
		0175722729033E700060041D /* RestReminderTests.xctest */ = {isa = PBXFileReference; explicitFileType = wrapper.cfbundle; includeInIndex = 0; path = RestReminderTests.xctest; sourceTree = BUILT_PRODUCTS_DIR; };
		0175723129033E700060041D /* RestReminderUITests.xctest */ = {isa = PBXFileReference; explicitFileType = wrapper.cfbundle; includeInIndex = 0; path = RestReminderUITests.xctest; sourceTree = BUILT_PRODUCTS_DIR; };
		01757248290460D10060041D /* MainViewController.swift */ = {isa = PBXFileReference; lastKnownFileType = sourcecode.swift; path = MainViewController.swift; sourceTree = "<group>"; };
		0175724C290461690060041D /* AsselderModuleBuilder.swift */ = {isa = PBXFileReference; lastKnownFileType = sourcecode.swift; path = AsselderModuleBuilder.swift; sourceTree = "<group>"; };
		01757253290490A70060041D /* MainViewController.xib */ = {isa = PBXFileReference; lastKnownFileType = file.xib; path = MainViewController.xib; sourceTree = "<group>"; };
		01757255290493030060041D /* MainViewPresenter.swift */ = {isa = PBXFileReference; lastKnownFileType = sourcecode.swift; path = MainViewPresenter.swift; sourceTree = "<group>"; };
/* End PBXFileReference section */

/* Begin PBXFrameworksBuildPhase section */
		0175720B29033E6E0060041D /* Frameworks */ = {
			isa = PBXFrameworksBuildPhase;
			buildActionMask = 2147483647;
			files = (
			);
			runOnlyForDeploymentPostprocessing = 0;
		};
		0175722429033E700060041D /* Frameworks */ = {
			isa = PBXFrameworksBuildPhase;
			buildActionMask = 2147483647;
			files = (
			);
			runOnlyForDeploymentPostprocessing = 0;
		};
		0175722E29033E700060041D /* Frameworks */ = {
			isa = PBXFrameworksBuildPhase;
			buildActionMask = 2147483647;
			files = (
			);
			runOnlyForDeploymentPostprocessing = 0;
		};
/* End PBXFrameworksBuildPhase section */

/* Begin PBXGroup section */
		0175720529033E6E0060041D = {
			isa = PBXGroup;
			children = (
				0175721029033E6E0060041D /* RestReminder */,
				0175720F29033E6E0060041D /* Products */,
			);
			sourceTree = "<group>";
		};
		0175720F29033E6E0060041D /* Products */ = {
			isa = PBXGroup;
			children = (
				0175720E29033E6E0060041D /* RestReminder.app */,
				0175722729033E700060041D /* RestReminderTests.xctest */,
				0175723129033E700060041D /* RestReminderUITests.xctest */,
			);
			name = Products;
			sourceTree = "<group>";
		};
		0175721029033E6E0060041D /* RestReminder */ = {
			isa = PBXGroup;
			children = (
				0175721129033E6E0060041D /* AppDelegate.swift */,
				0175721329033E6E0060041D /* SceneDelegate.swift */,
				0175724C290461690060041D /* AsselderModuleBuilder.swift */,
				016730422904EC27003F9304 /* UserNotificationsManager.swift */,
				01757244290460000060041D /* MainModule */,
				0175721729033E6E0060041D /* Main.storyboard */,
				0175721D29033E700060041D /* Assets.xcassets */,
				0175721F29033E700060041D /* LaunchScreen.storyboard */,
				0175722229033E700060041D /* Info.plist */,
			);
			path = RestReminder;
			sourceTree = "<group>";
		};
		01757244290460000060041D /* MainModule */ = {
			isa = PBXGroup;
			children = (
				017572452904601C0060041D /* Model */,
				01757246290460260060041D /* View */,
				017572472904602A0060041D /* Presenter */,
			);
			path = MainModule;
			sourceTree = "<group>";
		};
		017572452904601C0060041D /* Model */ = {
			isa = PBXGroup;
			children = (
			);
			path = Model;
			sourceTree = "<group>";
		};
		01757246290460260060041D /* View */ = {
			isa = PBXGroup;
			children = (
				01757248290460D10060041D /* MainViewController.swift */,
				01757253290490A70060041D /* MainViewController.xib */,
			);
			path = View;
			sourceTree = "<group>";
		};
		017572472904602A0060041D /* Presenter */ = {
			isa = PBXGroup;
			children = (
				01757255290493030060041D /* MainViewPresenter.swift */,
			);
			path = Presenter;
			sourceTree = "<group>";
		};
/* End PBXGroup section */

/* Begin PBXNativeTarget section */
		0175720D29033E6E0060041D /* RestReminder */ = {
			isa = PBXNativeTarget;
			buildConfigurationList = 0175723B29033E700060041D /* Build configuration list for PBXNativeTarget "RestReminder" */;
			buildPhases = (
				0175720A29033E6E0060041D /* Sources */,
				0175720B29033E6E0060041D /* Frameworks */,
				0175720C29033E6E0060041D /* Resources */,
			);
			buildRules = (
			);
			dependencies = (
			);
			name = RestReminder;
			productName = RestReminder;
			productReference = 0175720E29033E6E0060041D /* RestReminder.app */;
			productType = "com.apple.product-type.application";
		};
		0175722629033E700060041D /* RestReminderTests */ = {
			isa = PBXNativeTarget;
			buildConfigurationList = 0175723E29033E700060041D /* Build configuration list for PBXNativeTarget "RestReminderTests" */;
			buildPhases = (
				0175722329033E700060041D /* Sources */,
				0175722429033E700060041D /* Frameworks */,
				0175722529033E700060041D /* Resources */,
			);
			buildRules = (
			);
			dependencies = (
				0175722929033E700060041D /* PBXTargetDependency */,
			);
			name = RestReminderTests;
			productName = RestReminderTests;
			productReference = 0175722729033E700060041D /* RestReminderTests.xctest */;
			productType = "com.apple.product-type.bundle.unit-test";
		};
		0175723029033E700060041D /* RestReminderUITests */ = {
			isa = PBXNativeTarget;
			buildConfigurationList = 0175724129033E700060041D /* Build configuration list for PBXNativeTarget "RestReminderUITests" */;
			buildPhases = (
				0175722D29033E700060041D /* Sources */,
				0175722E29033E700060041D /* Frameworks */,
				0175722F29033E700060041D /* Resources */,
			);
			buildRules = (
			);
			dependencies = (
				0175723329033E700060041D /* PBXTargetDependency */,
			);
			name = RestReminderUITests;
			productName = RestReminderUITests;
			productReference = 0175723129033E700060041D /* RestReminderUITests.xctest */;
			productType = "com.apple.product-type.bundle.ui-testing";
		};
/* End PBXNativeTarget section */

/* Begin PBXProject section */
		0175720629033E6E0060041D /* Project object */ = {
			isa = PBXProject;
			attributes = {
				BuildIndependentTargetsInParallel = 1;
				LastSwiftUpdateCheck = 1400;
				LastUpgradeCheck = 1400;
				TargetAttributes = {
					0175720D29033E6E0060041D = {
						CreatedOnToolsVersion = 14.0.1;
					};
					0175722629033E700060041D = {
						CreatedOnToolsVersion = 14.0.1;
						TestTargetID = 0175720D29033E6E0060041D;
					};
					0175723029033E700060041D = {
						CreatedOnToolsVersion = 14.0.1;
						TestTargetID = 0175720D29033E6E0060041D;
					};
				};
			};
			buildConfigurationList = 0175720929033E6E0060041D /* Build configuration list for PBXProject "RestReminder" */;
			compatibilityVersion = "Xcode 14.0";
			developmentRegion = en;
			hasScannedForEncodings = 0;
			knownRegions = (
				en,
				Base,
			);
			mainGroup = 0175720529033E6E0060041D;
			productRefGroup = 0175720F29033E6E0060041D /* Products */;
			projectDirPath = "";
			projectRoot = "";
			targets = (
				0175720D29033E6E0060041D /* RestReminder */,
				0175722629033E700060041D /* RestReminderTests */,
				0175723029033E700060041D /* RestReminderUITests */,
			);
		};
/* End PBXProject section */

/* Begin PBXResourcesBuildPhase section */
		0175720C29033E6E0060041D /* Resources */ = {
			isa = PBXResourcesBuildPhase;
			buildActionMask = 2147483647;
			files = (
				0175722129033E700060041D /* LaunchScreen.storyboard in Resources */,
				0175721E29033E700060041D /* Assets.xcassets in Resources */,
				0175721929033E6E0060041D /* Main.storyboard in Resources */,
				01757254290490A70060041D /* MainViewController.xib in Resources */,
			);
			runOnlyForDeploymentPostprocessing = 0;
		};
		0175722529033E700060041D /* Resources */ = {
			isa = PBXResourcesBuildPhase;
			buildActionMask = 2147483647;
			files = (
			);
			runOnlyForDeploymentPostprocessing = 0;
		};
		0175722F29033E700060041D /* Resources */ = {
			isa = PBXResourcesBuildPhase;
			buildActionMask = 2147483647;
			files = (
			);
			runOnlyForDeploymentPostprocessing = 0;
		};
/* End PBXResourcesBuildPhase section */

/* Begin PBXSourcesBuildPhase section */
		0175720A29033E6E0060041D /* Sources */ = {
			isa = PBXSourcesBuildPhase;
			buildActionMask = 2147483647;
			files = (
				01757256290493030060041D /* MainViewPresenter.swift in Sources */,
				0175724D290461690060041D /* AsselderModuleBuilder.swift in Sources */,
				0175721229033E6E0060041D /* AppDelegate.swift in Sources */,
				0175721429033E6E0060041D /* SceneDelegate.swift in Sources */,
				016730432904EC27003F9304 /* UserNotificationsManager.swift in Sources */,
				0175724A290460D10060041D /* MainViewController.swift in Sources */,
			);
			runOnlyForDeploymentPostprocessing = 0;
		};
		0175722329033E700060041D /* Sources */ = {
			isa = PBXSourcesBuildPhase;
			buildActionMask = 2147483647;
			files = (
			);
			runOnlyForDeploymentPostprocessing = 0;
		};
		0175722D29033E700060041D /* Sources */ = {
			isa = PBXSourcesBuildPhase;
			buildActionMask = 2147483647;
			files = (
			);
			runOnlyForDeploymentPostprocessing = 0;
		};
/* End PBXSourcesBuildPhase section */

/* Begin PBXTargetDependency section */
		0175722929033E700060041D /* PBXTargetDependency */ = {
			isa = PBXTargetDependency;
			target = 0175720D29033E6E0060041D /* RestReminder */;
			targetProxy = 0175722829033E700060041D /* PBXContainerItemProxy */;
		};
		0175723329033E700060041D /* PBXTargetDependency */ = {
			isa = PBXTargetDependency;
			target = 0175720D29033E6E0060041D /* RestReminder */;
			targetProxy = 0175723229033E700060041D /* PBXContainerItemProxy */;
		};
/* End PBXTargetDependency section */

/* Begin PBXVariantGroup section */
		0175721729033E6E0060041D /* Main.storyboard */ = {
			isa = PBXVariantGroup;
			children = (
				0175721829033E6E0060041D /* Base */,
			);
			name = Main.storyboard;
			sourceTree = "<group>";
		};
		0175721F29033E700060041D /* LaunchScreen.storyboard */ = {
			isa = PBXVariantGroup;
			children = (
				0175722029033E700060041D /* Base */,
			);
			name = LaunchScreen.storyboard;
			sourceTree = "<group>";
		};
/* End PBXVariantGroup section */

/* Begin XCBuildConfiguration section */
		0175723929033E700060041D /* Debug */ = {
			isa = XCBuildConfiguration;
			buildSettings = {
				ALWAYS_SEARCH_USER_PATHS = NO;
				CLANG_ANALYZER_NONNULL = YES;
				CLANG_ANALYZER_NUMBER_OBJECT_CONVERSION = YES_AGGRESSIVE;
				CLANG_CXX_LANGUAGE_STANDARD = "gnu++20";
				CLANG_ENABLE_MODULES = YES;
				CLANG_ENABLE_OBJC_ARC = YES;
				CLANG_ENABLE_OBJC_WEAK = YES;
				CLANG_WARN_BLOCK_CAPTURE_AUTORELEASING = YES;
				CLANG_WARN_BOOL_CONVERSION = YES;
				CLANG_WARN_COMMA = YES;
				CLANG_WARN_CONSTANT_CONVERSION = YES;
				CLANG_WARN_DEPRECATED_OBJC_IMPLEMENTATIONS = YES;
				CLANG_WARN_DIRECT_OBJC_ISA_USAGE = YES_ERROR;
				CLANG_WARN_DOCUMENTATION_COMMENTS = YES;
				CLANG_WARN_EMPTY_BODY = YES;
				CLANG_WARN_ENUM_CONVERSION = YES;
				CLANG_WARN_INFINITE_RECURSION = YES;
				CLANG_WARN_INT_CONVERSION = YES;
				CLANG_WARN_NON_LITERAL_NULL_CONVERSION = YES;
				CLANG_WARN_OBJC_IMPLICIT_RETAIN_SELF = YES;
				CLANG_WARN_OBJC_LITERAL_CONVERSION = YES;
				CLANG_WARN_OBJC_ROOT_CLASS = YES_ERROR;
				CLANG_WARN_QUOTED_INCLUDE_IN_FRAMEWORK_HEADER = YES;
				CLANG_WARN_RANGE_LOOP_ANALYSIS = YES;
				CLANG_WARN_STRICT_PROTOTYPES = YES;
				CLANG_WARN_SUSPICIOUS_MOVE = YES;
				CLANG_WARN_UNGUARDED_AVAILABILITY = YES_AGGRESSIVE;
				CLANG_WARN_UNREACHABLE_CODE = YES;
				CLANG_WARN__DUPLICATE_METHOD_MATCH = YES;
				COPY_PHASE_STRIP = NO;
				DEBUG_INFORMATION_FORMAT = dwarf;
				ENABLE_STRICT_OBJC_MSGSEND = YES;
				ENABLE_TESTABILITY = YES;
				GCC_C_LANGUAGE_STANDARD = gnu11;
				GCC_DYNAMIC_NO_PIC = NO;
				GCC_NO_COMMON_BLOCKS = YES;
				GCC_OPTIMIZATION_LEVEL = 0;
				GCC_PREPROCESSOR_DEFINITIONS = (
					"DEBUG=1",
					"$(inherited)",
				);
				GCC_WARN_64_TO_32_BIT_CONVERSION = YES;
				GCC_WARN_ABOUT_RETURN_TYPE = YES_ERROR;
				GCC_WARN_UNDECLARED_SELECTOR = YES;
				GCC_WARN_UNINITIALIZED_AUTOS = YES_AGGRESSIVE;
				GCC_WARN_UNUSED_FUNCTION = YES;
				GCC_WARN_UNUSED_VARIABLE = YES;
				IPHONEOS_DEPLOYMENT_TARGET = 16.0;
				MTL_ENABLE_DEBUG_INFO = INCLUDE_SOURCE;
				MTL_FAST_MATH = YES;
				ONLY_ACTIVE_ARCH = YES;
				SDKROOT = iphoneos;
				SWIFT_ACTIVE_COMPILATION_CONDITIONS = DEBUG;
				SWIFT_OPTIMIZATION_LEVEL = "-Onone";
			};
			name = Debug;
		};
		0175723A29033E700060041D /* Release */ = {
			isa = XCBuildConfiguration;
			buildSettings = {
				ALWAYS_SEARCH_USER_PATHS = NO;
				CLANG_ANALYZER_NONNULL = YES;
				CLANG_ANALYZER_NUMBER_OBJECT_CONVERSION = YES_AGGRESSIVE;
				CLANG_CXX_LANGUAGE_STANDARD = "gnu++20";
				CLANG_ENABLE_MODULES = YES;
				CLANG_ENABLE_OBJC_ARC = YES;
				CLANG_ENABLE_OBJC_WEAK = YES;
				CLANG_WARN_BLOCK_CAPTURE_AUTORELEASING = YES;
				CLANG_WARN_BOOL_CONVERSION = YES;
				CLANG_WARN_COMMA = YES;
				CLANG_WARN_CONSTANT_CONVERSION = YES;
				CLANG_WARN_DEPRECATED_OBJC_IMPLEMENTATIONS = YES;
				CLANG_WARN_DIRECT_OBJC_ISA_USAGE = YES_ERROR;
				CLANG_WARN_DOCUMENTATION_COMMENTS = YES;
				CLANG_WARN_EMPTY_BODY = YES;
				CLANG_WARN_ENUM_CONVERSION = YES;
				CLANG_WARN_INFINITE_RECURSION = YES;
				CLANG_WARN_INT_CONVERSION = YES;
				CLANG_WARN_NON_LITERAL_NULL_CONVERSION = YES;
				CLANG_WARN_OBJC_IMPLICIT_RETAIN_SELF = YES;
				CLANG_WARN_OBJC_LITERAL_CONVERSION = YES;
				CLANG_WARN_OBJC_ROOT_CLASS = YES_ERROR;
				CLANG_WARN_QUOTED_INCLUDE_IN_FRAMEWORK_HEADER = YES;
				CLANG_WARN_RANGE_LOOP_ANALYSIS = YES;
				CLANG_WARN_STRICT_PROTOTYPES = YES;
				CLANG_WARN_SUSPICIOUS_MOVE = YES;
				CLANG_WARN_UNGUARDED_AVAILABILITY = YES_AGGRESSIVE;
				CLANG_WARN_UNREACHABLE_CODE = YES;
				CLANG_WARN__DUPLICATE_METHOD_MATCH = YES;
				COPY_PHASE_STRIP = NO;
				DEBUG_INFORMATION_FORMAT = "dwarf-with-dsym";
				ENABLE_NS_ASSERTIONS = NO;
				ENABLE_STRICT_OBJC_MSGSEND = YES;
				GCC_C_LANGUAGE_STANDARD = gnu11;
				GCC_NO_COMMON_BLOCKS = YES;
				GCC_WARN_64_TO_32_BIT_CONVERSION = YES;
				GCC_WARN_ABOUT_RETURN_TYPE = YES_ERROR;
				GCC_WARN_UNDECLARED_SELECTOR = YES;
				GCC_WARN_UNINITIALIZED_AUTOS = YES_AGGRESSIVE;
				GCC_WARN_UNUSED_FUNCTION = YES;
				GCC_WARN_UNUSED_VARIABLE = YES;
				IPHONEOS_DEPLOYMENT_TARGET = 16.0;
				MTL_ENABLE_DEBUG_INFO = NO;
				MTL_FAST_MATH = YES;
				SDKROOT = iphoneos;
				SWIFT_COMPILATION_MODE = wholemodule;
				SWIFT_OPTIMIZATION_LEVEL = "-O";
				VALIDATE_PRODUCT = YES;
			};
			name = Release;
		};
		0175723C29033E700060041D /* Debug */ = {
			isa = XCBuildConfiguration;
			buildSettings = {
				ASSETCATALOG_COMPILER_APPICON_NAME = AppIcon;
				ASSETCATALOG_COMPILER_GLOBAL_ACCENT_COLOR_NAME = AccentColor;
				CODE_SIGN_STYLE = Automatic;
				CURRENT_PROJECT_VERSION = 1;
				DEVELOPMENT_TEAM = Y7FQ6Q427M;
				GENERATE_INFOPLIST_FILE = YES;
				INFOPLIST_FILE = RestReminder/Info.plist;
				INFOPLIST_KEY_CFBundleDisplayName = "Rest Reminder";
				INFOPLIST_KEY_UIApplicationSupportsIndirectInputEvents = YES;
				INFOPLIST_KEY_UILaunchStoryboardName = LaunchScreen.storyboard;
				INFOPLIST_KEY_UIMainStoryboardFile = Main;
				INFOPLIST_KEY_UISupportedInterfaceOrientations_iPad = "UIInterfaceOrientationPortrait UIInterfaceOrientationPortraitUpsideDown UIInterfaceOrientationLandscapeLeft UIInterfaceOrientationLandscapeRight";
				INFOPLIST_KEY_UISupportedInterfaceOrientations_iPhone = "UIInterfaceOrientationPortrait UIInterfaceOrientationLandscapeLeft UIInterfaceOrientationLandscapeRight";
				IPHONEOS_DEPLOYMENT_TARGET = 13.0;
				LD_RUNPATH_SEARCH_PATHS = (
					"$(inherited)",
					"@executable_path/Frameworks",
				);
				MARKETING_VERSION = 1.0;
				PRODUCT_BUNDLE_IDENTIFIER = noname.RestReminder;
				PRODUCT_NAME = "$(TARGET_NAME)";
				SUPPORTED_PLATFORMS = "iphoneos iphonesimulator";
				SUPPORTS_MACCATALYST = NO;
				SUPPORTS_MAC_DESIGNED_FOR_IPHONE_IPAD = NO;
				SWIFT_EMIT_LOC_STRINGS = YES;
				SWIFT_VERSION = 5.0;
				TARGETED_DEVICE_FAMILY = "1,2";
			};
			name = Debug;
		};
		0175723D29033E700060041D /* Release */ = {
			isa = XCBuildConfiguration;
			buildSettings = {
				ASSETCATALOG_COMPILER_APPICON_NAME = AppIcon;
				ASSETCATALOG_COMPILER_GLOBAL_ACCENT_COLOR_NAME = AccentColor;
				CODE_SIGN_STYLE = Automatic;
				CURRENT_PROJECT_VERSION = 1;
				DEVELOPMENT_TEAM = Y7FQ6Q427M;
				GENERATE_INFOPLIST_FILE = YES;
				INFOPLIST_FILE = RestReminder/Info.plist;
				INFOPLIST_KEY_CFBundleDisplayName = "Rest Reminder";
				INFOPLIST_KEY_UIApplicationSupportsIndirectInputEvents = YES;
				INFOPLIST_KEY_UILaunchStoryboardName = LaunchScreen.storyboard;
				INFOPLIST_KEY_UIMainStoryboardFile = Main;
				INFOPLIST_KEY_UISupportedInterfaceOrientations_iPad = "UIInterfaceOrientationPortrait UIInterfaceOrientationPortraitUpsideDown UIInterfaceOrientationLandscapeLeft UIInterfaceOrientationLandscapeRight";
				INFOPLIST_KEY_UISupportedInterfaceOrientations_iPhone = "UIInterfaceOrientationPortrait UIInterfaceOrientationLandscapeLeft UIInterfaceOrientationLandscapeRight";
				IPHONEOS_DEPLOYMENT_TARGET = 13.0;
				LD_RUNPATH_SEARCH_PATHS = (
					"$(inherited)",
					"@executable_path/Frameworks",
				);
				MARKETING_VERSION = 1.0;
				PRODUCT_BUNDLE_IDENTIFIER = noname.RestReminder;
				PRODUCT_NAME = "$(TARGET_NAME)";
				SUPPORTED_PLATFORMS = "iphoneos iphonesimulator";
				SUPPORTS_MACCATALYST = NO;
				SUPPORTS_MAC_DESIGNED_FOR_IPHONE_IPAD = NO;
				SWIFT_EMIT_LOC_STRINGS = YES;
				SWIFT_VERSION = 5.0;
				TARGETED_DEVICE_FAMILY = "1,2";
			};
			name = Release;
		};
		0175723F29033E700060041D /* Debug */ = {
			isa = XCBuildConfiguration;
			buildSettings = {
				ALWAYS_EMBED_SWIFT_STANDARD_LIBRARIES = YES;
				BUNDLE_LOADER = "$(TEST_HOST)";
				CODE_SIGN_STYLE = Automatic;
				CURRENT_PROJECT_VERSION = 1;
				DEVELOPMENT_TEAM = Y7FQ6Q427M;
				GENERATE_INFOPLIST_FILE = YES;
				IPHONEOS_DEPLOYMENT_TARGET = 16.0;
				MARKETING_VERSION = 1.0;
				PRODUCT_BUNDLE_IDENTIFIER = noname.RestReminderTests;
				PRODUCT_NAME = "$(TARGET_NAME)";
				SWIFT_EMIT_LOC_STRINGS = NO;
				SWIFT_VERSION = 5.0;
				TARGETED_DEVICE_FAMILY = "1,2";
				TEST_HOST = "$(BUILT_PRODUCTS_DIR)/RestReminder.app/$(BUNDLE_EXECUTABLE_FOLDER_PATH)/RestReminder";
			};
			name = Debug;
		};
		0175724029033E700060041D /* Release */ = {
			isa = XCBuildConfiguration;
			buildSettings = {
				ALWAYS_EMBED_SWIFT_STANDARD_LIBRARIES = YES;
				BUNDLE_LOADER = "$(TEST_HOST)";
				CODE_SIGN_STYLE = Automatic;
				CURRENT_PROJECT_VERSION = 1;
				DEVELOPMENT_TEAM = Y7FQ6Q427M;
				GENERATE_INFOPLIST_FILE = YES;
				IPHONEOS_DEPLOYMENT_TARGET = 16.0;
				MARKETING_VERSION = 1.0;
				PRODUCT_BUNDLE_IDENTIFIER = noname.RestReminderTests;
				PRODUCT_NAME = "$(TARGET_NAME)";
				SWIFT_EMIT_LOC_STRINGS = NO;
				SWIFT_VERSION = 5.0;
				TARGETED_DEVICE_FAMILY = "1,2";
				TEST_HOST = "$(BUILT_PRODUCTS_DIR)/RestReminder.app/$(BUNDLE_EXECUTABLE_FOLDER_PATH)/RestReminder";
			};
			name = Release;
		};
		0175724229033E700060041D /* Debug */ = {
			isa = XCBuildConfiguration;
			buildSettings = {
				ALWAYS_EMBED_SWIFT_STANDARD_LIBRARIES = YES;
				CODE_SIGN_STYLE = Automatic;
				CURRENT_PROJECT_VERSION = 1;
				DEVELOPMENT_TEAM = Y7FQ6Q427M;
				GENERATE_INFOPLIST_FILE = YES;
				MARKETING_VERSION = 1.0;
				PRODUCT_BUNDLE_IDENTIFIER = noname.RestReminderUITests;
				PRODUCT_NAME = "$(TARGET_NAME)";
				SWIFT_EMIT_LOC_STRINGS = NO;
				SWIFT_VERSION = 5.0;
				TARGETED_DEVICE_FAMILY = "1,2";
				TEST_TARGET_NAME = RestReminder;
			};
			name = Debug;
		};
		0175724329033E700060041D /* Release */ = {
			isa = XCBuildConfiguration;
			buildSettings = {
				ALWAYS_EMBED_SWIFT_STANDARD_LIBRARIES = YES;
				CODE_SIGN_STYLE = Automatic;
				CURRENT_PROJECT_VERSION = 1;
				DEVELOPMENT_TEAM = Y7FQ6Q427M;
				GENERATE_INFOPLIST_FILE = YES;
				MARKETING_VERSION = 1.0;
				PRODUCT_BUNDLE_IDENTIFIER = noname.RestReminderUITests;
				PRODUCT_NAME = "$(TARGET_NAME)";
				SWIFT_EMIT_LOC_STRINGS = NO;
				SWIFT_VERSION = 5.0;
				TARGETED_DEVICE_FAMILY = "1,2";
				TEST_TARGET_NAME = RestReminder;
			};
			name = Release;
		};
/* End XCBuildConfiguration section */

/* Begin XCConfigurationList section */
		0175720929033E6E0060041D /* Build configuration list for PBXProject "RestReminder" */ = {
			isa = XCConfigurationList;
			buildConfigurations = (
				0175723929033E700060041D /* Debug */,
				0175723A29033E700060041D /* Release */,
			);
			defaultConfigurationIsVisible = 0;
			defaultConfigurationName = Release;
		};
		0175723B29033E700060041D /* Build configuration list for PBXNativeTarget "RestReminder" */ = {
			isa = XCConfigurationList;
			buildConfigurations = (
				0175723C29033E700060041D /* Debug */,
				0175723D29033E700060041D /* Release */,
			);
			defaultConfigurationIsVisible = 0;
			defaultConfigurationName = Release;
		};
		0175723E29033E700060041D /* Build configuration list for PBXNativeTarget "RestReminderTests" */ = {
			isa = XCConfigurationList;
			buildConfigurations = (
				0175723F29033E700060041D /* Debug */,
				0175724029033E700060041D /* Release */,
			);
			defaultConfigurationIsVisible = 0;
			defaultConfigurationName = Release;
		};
		0175724129033E700060041D /* Build configuration list for PBXNativeTarget "RestReminderUITests" */ = {
			isa = XCConfigurationList;
			buildConfigurations = (
				0175724229033E700060041D /* Debug */,
				0175724329033E700060041D /* Release */,
			);
			defaultConfigurationIsVisible = 0;
			defaultConfigurationName = Release;
		};
/* End XCConfigurationList section */
	};
	rootObject = 0175720629033E6E0060041D /* Project object */;
}
